
Microsoft Visual Studio Solution File, Format Version 12.00
# Visual Studio Version 16
VisualStudioVersion = 16.0.810.25
MinimumVisualStudioVersion = 10.0.40219.1
Project("{FAE04EC0-301F-11D3-BF4B-00C04F79EFBC}") = "OneTapMobile.iOS", "OneTapMobile.iOS.csproj", "{33C89588-2C65-4C9B-8FD4-337E159C6454}"
EndProject
Global
	GlobalSection(SolutionConfigurationPlatforms) = preSolution
		Debug|iPhoneSimulator = Debug|iPhoneSimulator
		Release|iPhoneSimulator = Release|iPhoneSimulator
		Debug|iPhone = Debug|iPhone
		Release|iPhone = Release|iPhone
	EndGlobalSection
	GlobalSection(ProjectConfigurationPlatforms) = postSolution
		{33C89588-2C65-4C9B-8FD4-337E159C6454}.Debug|iPhoneSimulator.ActiveCfg = Debug|iPhoneSimulator
		{33C89588-2C65-4C9B-8FD4-337E159C6454}.Debug|iPhoneSimulator.Build.0 = Debug|iPhoneSimulator
		{33C89588-2C65-4C9B-8FD4-337E159C6454}.Release|iPhoneSimulator.ActiveCfg = Release|iPhoneSimulator
		{33C89588-2C65-4C9B-8FD4-337E159C6454}.Release|iPhoneSimulator.Build.0 = Release|iPhoneSimulator
		{33C89588-2C65-4C9B-8FD4-337E159C6454}.Debug|iPhone.ActiveCfg = Debug|iPhone
		{33C89588-2C65-4C9B-8FD4-337E159C6454}.Debug|iPhone.Build.0 = Debug|iPhone
		{33C89588-2C65-4C9B-8FD4-337E159C6454}.Release|iPhone.ActiveCfg = Release|iPhone
		{33C89588-2C65-4C9B-8FD4-337E159C6454}.Release|iPhone.Build.0 = Release|iPhone
	EndGlobalSection
	GlobalSection(SolutionProperties) = preSolution
		HideSolutionNode = FALSE
	EndGlobalSection
	GlobalSection(ExtensibilityGlobals) = postSolution
		SolutionGuid = {4B1EE855-C307-4370-B9AC-3469D4ED79F3}
	EndGlobalSection
EndGlobal
